// !$*UTF8*$!
{
	archiveVersion = 1;
	classes = {
	};
	objectVersion = 56;
	objects = {

/* Begin PBXBuildFile section */
		CB2891422B0203820057B358 /* ImageLoader.swift in Sources */ = {isa = PBXBuildFile; fileRef = CB2891412B0203820057B358 /* ImageLoader.swift */; };
		CB2891472B020C230057B358 /* RecipeViewModel.swift in Sources */ = {isa = PBXBuildFile; fileRef = CB2891462B020C230057B358 /* RecipeViewModel.swift */; };
		CB28914A2B0213B80057B358 /* RecipeModel.swift in Sources */ = {isa = PBXBuildFile; fileRef = CB2891492B0213B80057B358 /* RecipeModel.swift */; };
		CB2891542B028B8E0057B358 /* RecipeDetailViewModel.swift in Sources */ = {isa = PBXBuildFile; fileRef = CB2891532B028B8E0057B358 /* RecipeDetailViewModel.swift */; };
		CB2891562B028B9B0057B358 /* RecipeDetailModel.swift in Sources */ = {isa = PBXBuildFile; fileRef = CB2891552B028B9B0057B358 /* RecipeDetailModel.swift */; };
		CB2891592B02FF2A0057B358 /* SearchAndSortingViews.swift in Sources */ = {isa = PBXBuildFile; fileRef = CB2891582B02FF2A0057B358 /* SearchAndSortingViews.swift */; };
		CB28915B2B02FF380057B358 /* ListGridViews.swift in Sources */ = {isa = PBXBuildFile; fileRef = CB28915A2B02FF380057B358 /* ListGridViews.swift */; };
		CB28915D2B02FF450057B358 /* TextComponents.swift in Sources */ = {isa = PBXBuildFile; fileRef = CB28915C2B02FF450057B358 /* TextComponents.swift */; };
		CB7FFEF82AFE16FF00BFB50E /* Fetch_RecipesApp.swift in Sources */ = {isa = PBXBuildFile; fileRef = CB7FFEF72AFE16FF00BFB50E /* Fetch_RecipesApp.swift */; };
		CB7FFEFC2AFE170000BFB50E /* Assets.xcassets in Resources */ = {isa = PBXBuildFile; fileRef = CB7FFEFB2AFE170000BFB50E /* Assets.xcassets */; };
		CB7FFEFF2AFE170000BFB50E /* Preview Assets.xcassets in Resources */ = {isa = PBXBuildFile; fileRef = CB7FFEFE2AFE170000BFB50E /* Preview Assets.xcassets */; };
		CB7FFF092AFE170000BFB50E /* Fetch_RecipesTests.swift in Sources */ = {isa = PBXBuildFile; fileRef = CB7FFF082AFE170000BFB50E /* Fetch_RecipesTests.swift */; };
		CB7FFF132AFE170000BFB50E /* Fetch_RecipesUITests.swift in Sources */ = {isa = PBXBuildFile; fileRef = CB7FFF122AFE170000BFB50E /* Fetch_RecipesUITests.swift */; };
		CB7FFF152AFE170000BFB50E /* Fetch_RecipesUITestsLaunchTests.swift in Sources */ = {isa = PBXBuildFile; fileRef = CB7FFF142AFE170000BFB50E /* Fetch_RecipesUITestsLaunchTests.swift */; };
		CB7FFF222AFE171100BFB50E /* NetworkManager.swift in Sources */ = {isa = PBXBuildFile; fileRef = CB7FFF212AFE171100BFB50E /* NetworkManager.swift */; };
		CB7FFF242AFE178600BFB50E /* RecipeView.swift in Sources */ = {isa = PBXBuildFile; fileRef = CB7FFF232AFE178600BFB50E /* RecipeView.swift */; };
		CB7FFF262AFE17A500BFB50E /* RecipeDetailView.swift in Sources */ = {isa = PBXBuildFile; fileRef = CB7FFF252AFE17A500BFB50E /* RecipeDetailView.swift */; };
		CB7FFF2A2AFF143900BFB50E /* Lora-Bold.ttf in Resources */ = {isa = PBXBuildFile; fileRef = CB7FFF282AFF143900BFB50E /* Lora-Bold.ttf */; };
		CB7FFF2B2AFF143900BFB50E /* Lora-Regular.ttf in Resources */ = {isa = PBXBuildFile; fileRef = CB7FFF292AFF143900BFB50E /* Lora-Regular.ttf */; };
		CB7FFF2E2AFF1C4B00BFB50E /* YouTubeVideoPlayerView.swift in Sources */ = {isa = PBXBuildFile; fileRef = CB7FFF2D2AFF1C4B00BFB50E /* YouTubeVideoPlayerView.swift */; };
		CB7FFF312AFF1DB700BFB50E /* PushInEffect.swift in Sources */ = {isa = PBXBuildFile; fileRef = CB7FFF302AFF1DB700BFB50E /* PushInEffect.swift */; };
		CB7FFF342AFF2C4D00BFB50E /* OptionButton.swift in Sources */ = {isa = PBXBuildFile; fileRef = CB7FFF332AFF2C4D00BFB50E /* OptionButton.swift */; };
/* End PBXBuildFile section */

/* Begin PBXContainerItemProxy section */
		CB7FFF052AFE170000BFB50E /* PBXContainerItemProxy */ = {
			isa = PBXContainerItemProxy;
			containerPortal = CB7FFEEC2AFE16FF00BFB50E /* Project object */;
			proxyType = 1;
			remoteGlobalIDString = CB7FFEF32AFE16FF00BFB50E;
			remoteInfo = "Fetch Recipes";
		};
		CB7FFF0F2AFE170000BFB50E /* PBXContainerItemProxy */ = {
			isa = PBXContainerItemProxy;
			containerPortal = CB7FFEEC2AFE16FF00BFB50E /* Project object */;
			proxyType = 1;
			remoteGlobalIDString = CB7FFEF32AFE16FF00BFB50E;
			remoteInfo = "Fetch Recipes";
		};
/* End PBXContainerItemProxy section */

/* Begin PBXFileReference section */
		CB2891412B0203820057B358 /* ImageLoader.swift */ = {isa = PBXFileReference; lastKnownFileType = sourcecode.swift; path = ImageLoader.swift; sourceTree = "<group>"; };
		CB2891462B020C230057B358 /* RecipeViewModel.swift */ = {isa = PBXFileReference; lastKnownFileType = sourcecode.swift; path = RecipeViewModel.swift; sourceTree = "<group>"; };
		CB2891492B0213B80057B358 /* RecipeModel.swift */ = {isa = PBXFileReference; lastKnownFileType = sourcecode.swift; path = RecipeModel.swift; sourceTree = "<group>"; };
		CB2891532B028B8E0057B358 /* RecipeDetailViewModel.swift */ = {isa = PBXFileReference; lastKnownFileType = sourcecode.swift; path = RecipeDetailViewModel.swift; sourceTree = "<group>"; };
		CB2891552B028B9B0057B358 /* RecipeDetailModel.swift */ = {isa = PBXFileReference; lastKnownFileType = sourcecode.swift; path = RecipeDetailModel.swift; sourceTree = "<group>"; };
		CB2891582B02FF2A0057B358 /* SearchAndSortingViews.swift */ = {isa = PBXFileReference; lastKnownFileType = sourcecode.swift; path = SearchAndSortingViews.swift; sourceTree = "<group>"; };
		CB28915A2B02FF380057B358 /* ListGridViews.swift */ = {isa = PBXFileReference; lastKnownFileType = sourcecode.swift; path = ListGridViews.swift; sourceTree = "<group>"; };
		CB28915C2B02FF450057B358 /* TextComponents.swift */ = {isa = PBXFileReference; lastKnownFileType = sourcecode.swift; path = TextComponents.swift; sourceTree = "<group>"; };
		CB7FFEF42AFE16FF00BFB50E /* Fetch Recipes.app */ = {isa = PBXFileReference; explicitFileType = wrapper.application; includeInIndex = 0; path = "Fetch Recipes.app"; sourceTree = BUILT_PRODUCTS_DIR; };
		CB7FFEF72AFE16FF00BFB50E /* Fetch_RecipesApp.swift */ = {isa = PBXFileReference; lastKnownFileType = sourcecode.swift; path = Fetch_RecipesApp.swift; sourceTree = "<group>"; };
		CB7FFEFB2AFE170000BFB50E /* Assets.xcassets */ = {isa = PBXFileReference; lastKnownFileType = folder.assetcatalog; path = Assets.xcassets; sourceTree = "<group>"; };
		CB7FFEFE2AFE170000BFB50E /* Preview Assets.xcassets */ = {isa = PBXFileReference; lastKnownFileType = folder.assetcatalog; path = "Preview Assets.xcassets"; sourceTree = "<group>"; };
		CB7FFF042AFE170000BFB50E /* Fetch RecipesTests.xctest */ = {isa = PBXFileReference; explicitFileType = wrapper.cfbundle; includeInIndex = 0; path = "Fetch RecipesTests.xctest"; sourceTree = BUILT_PRODUCTS_DIR; };
		CB7FFF082AFE170000BFB50E /* Fetch_RecipesTests.swift */ = {isa = PBXFileReference; lastKnownFileType = sourcecode.swift; path = Fetch_RecipesTests.swift; sourceTree = "<group>"; };
		CB7FFF0E2AFE170000BFB50E /* Fetch RecipesUITests.xctest */ = {isa = PBXFileReference; explicitFileType = wrapper.cfbundle; includeInIndex = 0; path = "Fetch RecipesUITests.xctest"; sourceTree = BUILT_PRODUCTS_DIR; };
		CB7FFF122AFE170000BFB50E /* Fetch_RecipesUITests.swift */ = {isa = PBXFileReference; lastKnownFileType = sourcecode.swift; path = Fetch_RecipesUITests.swift; sourceTree = "<group>"; };
		CB7FFF142AFE170000BFB50E /* Fetch_RecipesUITestsLaunchTests.swift */ = {isa = PBXFileReference; lastKnownFileType = sourcecode.swift; path = Fetch_RecipesUITestsLaunchTests.swift; sourceTree = "<group>"; };
		CB7FFF212AFE171100BFB50E /* NetworkManager.swift */ = {isa = PBXFileReference; lastKnownFileType = sourcecode.swift; path = NetworkManager.swift; sourceTree = "<group>"; };
		CB7FFF232AFE178600BFB50E /* RecipeView.swift */ = {isa = PBXFileReference; lastKnownFileType = sourcecode.swift; path = RecipeView.swift; sourceTree = "<group>"; };
		CB7FFF252AFE17A500BFB50E /* RecipeDetailView.swift */ = {isa = PBXFileReference; lastKnownFileType = sourcecode.swift; path = RecipeDetailView.swift; sourceTree = "<group>"; };
		CB7FFF282AFF143900BFB50E /* Lora-Bold.ttf */ = {isa = PBXFileReference; lastKnownFileType = file; path = "Lora-Bold.ttf"; sourceTree = "<group>"; };
		CB7FFF292AFF143900BFB50E /* Lora-Regular.ttf */ = {isa = PBXFileReference; lastKnownFileType = file; path = "Lora-Regular.ttf"; sourceTree = "<group>"; };
		CB7FFF2C2AFF177D00BFB50E /* Fetch-Recipes-Info.plist */ = {isa = PBXFileReference; lastKnownFileType = text.plist; path = "Fetch-Recipes-Info.plist"; sourceTree = SOURCE_ROOT; };
		CB7FFF2D2AFF1C4B00BFB50E /* YouTubeVideoPlayerView.swift */ = {isa = PBXFileReference; lastKnownFileType = sourcecode.swift; path = YouTubeVideoPlayerView.swift; sourceTree = "<group>"; };
		CB7FFF302AFF1DB700BFB50E /* PushInEffect.swift */ = {isa = PBXFileReference; lastKnownFileType = sourcecode.swift; path = PushInEffect.swift; sourceTree = "<group>"; };
		CB7FFF332AFF2C4D00BFB50E /* OptionButton.swift */ = {isa = PBXFileReference; lastKnownFileType = sourcecode.swift; path = OptionButton.swift; sourceTree = "<group>"; };
/* End PBXFileReference section */

/* Begin PBXFrameworksBuildPhase section */
		CB7FFEF12AFE16FF00BFB50E /* Frameworks */ = {
			isa = PBXFrameworksBuildPhase;
			buildActionMask = 2147483647;
			files = (
			);
			runOnlyForDeploymentPostprocessing = 0;
		};
		CB7FFF012AFE170000BFB50E /* Frameworks */ = {
			isa = PBXFrameworksBuildPhase;
			buildActionMask = 2147483647;
			files = (
			);
			runOnlyForDeploymentPostprocessing = 0;
		};
		CB7FFF0B2AFE170000BFB50E /* Frameworks */ = {
			isa = PBXFrameworksBuildPhase;
			buildActionMask = 2147483647;
			files = (
			);
			runOnlyForDeploymentPostprocessing = 0;
		};
/* End PBXFrameworksBuildPhase section */

/* Begin PBXGroup section */
		CB2891482B0210E30057B358 /* RecipeView */ = {
			isa = PBXGroup;
			children = (
				CB2891572B02FDFF0057B358 /* Components */,
				CB2891492B0213B80057B358 /* RecipeModel.swift */,
				CB7FFF232AFE178600BFB50E /* RecipeView.swift */,
				CB2891462B020C230057B358 /* RecipeViewModel.swift */,
			);
			path = RecipeView;
			sourceTree = "<group>";
		};
		CB2891522B028B630057B358 /* RecipeDetailView */ = {
			isa = PBXGroup;
			children = (
				CB28915E2B0320360057B358 /* Components */,
				CB2891552B028B9B0057B358 /* RecipeDetailModel.swift */,
				CB7FFF252AFE17A500BFB50E /* RecipeDetailView.swift */,
				CB2891532B028B8E0057B358 /* RecipeDetailViewModel.swift */,
			);
			path = RecipeDetailView;
			sourceTree = "<group>";
		};
		CB2891572B02FDFF0057B358 /* Components */ = {
			isa = PBXGroup;
			children = (
				CB2891582B02FF2A0057B358 /* SearchAndSortingViews.swift */,
				CB28915A2B02FF380057B358 /* ListGridViews.swift */,
				CB28915C2B02FF450057B358 /* TextComponents.swift */,
			);
			path = Components;
			sourceTree = "<group>";
		};
		CB28915E2B0320360057B358 /* Components */ = {
			isa = PBXGroup;
			children = (
				CB7FFF332AFF2C4D00BFB50E /* OptionButton.swift */,
				CB7FFF2D2AFF1C4B00BFB50E /* YouTubeVideoPlayerView.swift */,
			);
			path = Components;
			sourceTree = "<group>";
		};
		CB2891612B0341250057B358 /* Utility */ = {
			isa = PBXGroup;
			children = (
				CB7FFF212AFE171100BFB50E /* NetworkManager.swift */,
				CB2891412B0203820057B358 /* ImageLoader.swift */,
			);
			path = Utility;
			sourceTree = "<group>";
		};
		CB7FFEEB2AFE16FF00BFB50E = {
			isa = PBXGroup;
			children = (
				CB7FFEF62AFE16FF00BFB50E /* Fetch Recipes */,
				CB7FFF072AFE170000BFB50E /* Fetch RecipesTests */,
				CB7FFF112AFE170000BFB50E /* Fetch RecipesUITests */,
				CB7FFEF52AFE16FF00BFB50E /* Products */,
			);
			sourceTree = "<group>";
		};
		CB7FFEF52AFE16FF00BFB50E /* Products */ = {
			isa = PBXGroup;
			children = (
				CB7FFEF42AFE16FF00BFB50E /* Fetch Recipes.app */,
				CB7FFF042AFE170000BFB50E /* Fetch RecipesTests.xctest */,
				CB7FFF0E2AFE170000BFB50E /* Fetch RecipesUITests.xctest */,
			);
			name = Products;
			sourceTree = "<group>";
		};
		CB7FFEF62AFE16FF00BFB50E /* Fetch Recipes */ = {
			isa = PBXGroup;
			children = (
				CB7FFF2C2AFF177D00BFB50E /* Fetch-Recipes-Info.plist */,
				CB7FFEF72AFE16FF00BFB50E /* Fetch_RecipesApp.swift */,
				CB7FFF272AFF142700BFB50E /* Fonts */,
				CB2891612B0341250057B358 /* Utility */,
				CB7FFF2F2AFF1D9900BFB50E /* Modifiers */,
				CB2891482B0210E30057B358 /* RecipeView */,
				CB2891522B028B630057B358 /* RecipeDetailView */,
				CB7FFEFB2AFE170000BFB50E /* Assets.xcassets */,
				CB7FFEFD2AFE170000BFB50E /* Preview Content */,
			);
			path = "Fetch Recipes";
			sourceTree = "<group>";
		};
		CB7FFEFD2AFE170000BFB50E /* Preview Content */ = {
			isa = PBXGroup;
			children = (
				CB7FFEFE2AFE170000BFB50E /* Preview Assets.xcassets */,
			);
			path = "Preview Content";
			sourceTree = "<group>";
		};
		CB7FFF072AFE170000BFB50E /* Fetch RecipesTests */ = {
			isa = PBXGroup;
			children = (
				CB7FFF082AFE170000BFB50E /* Fetch_RecipesTests.swift */,
			);
			path = "Fetch RecipesTests";
			sourceTree = "<group>";
		};
		CB7FFF112AFE170000BFB50E /* Fetch RecipesUITests */ = {
			isa = PBXGroup;
			children = (
				CB7FFF122AFE170000BFB50E /* Fetch_RecipesUITests.swift */,
				CB7FFF142AFE170000BFB50E /* Fetch_RecipesUITestsLaunchTests.swift */,
			);
			path = "Fetch RecipesUITests";
			sourceTree = "<group>";
		};
		CB7FFF272AFF142700BFB50E /* Fonts */ = {
			isa = PBXGroup;
			children = (
				CB7FFF282AFF143900BFB50E /* Lora-Bold.ttf */,
				CB7FFF292AFF143900BFB50E /* Lora-Regular.ttf */,
			);
			path = Fonts;
			sourceTree = "<group>";
		};
		CB7FFF2F2AFF1D9900BFB50E /* Modifiers */ = {
			isa = PBXGroup;
			children = (
				CB7FFF302AFF1DB700BFB50E /* PushInEffect.swift */,
			);
			path = Modifiers;
			sourceTree = "<group>";
		};
/* End PBXGroup section */

/* Begin PBXNativeTarget section */
		CB7FFEF32AFE16FF00BFB50E /* Fetch Recipes */ = {
			isa = PBXNativeTarget;
			buildConfigurationList = CB7FFF182AFE170000BFB50E /* Build configuration list for PBXNativeTarget "Fetch Recipes" */;
			buildPhases = (
				CB7FFEF02AFE16FF00BFB50E /* Sources */,
				CB7FFEF12AFE16FF00BFB50E /* Frameworks */,
				CB7FFEF22AFE16FF00BFB50E /* Resources */,
			);
			buildRules = (
			);
			dependencies = (
			);
			name = "Fetch Recipes";
			packageProductDependencies = (
			);
			productName = "Fetch Recipes";
			productReference = CB7FFEF42AFE16FF00BFB50E /* Fetch Recipes.app */;
			productType = "com.apple.product-type.application";
		};
		CB7FFF032AFE170000BFB50E /* Fetch RecipesTests */ = {
			isa = PBXNativeTarget;
			buildConfigurationList = CB7FFF1B2AFE170000BFB50E /* Build configuration list for PBXNativeTarget "Fetch RecipesTests" */;
			buildPhases = (
				CB7FFF002AFE170000BFB50E /* Sources */,
				CB7FFF012AFE170000BFB50E /* Frameworks */,
				CB7FFF022AFE170000BFB50E /* Resources */,
			);
			buildRules = (
			);
			dependencies = (
				CB7FFF062AFE170000BFB50E /* PBXTargetDependency */,
			);
			name = "Fetch RecipesTests";
			productName = "Fetch RecipesTests";
			productReference = CB7FFF042AFE170000BFB50E /* Fetch RecipesTests.xctest */;
			productType = "com.apple.product-type.bundle.unit-test";
		};
		CB7FFF0D2AFE170000BFB50E /* Fetch RecipesUITests */ = {
			isa = PBXNativeTarget;
			buildConfigurationList = CB7FFF1E2AFE170000BFB50E /* Build configuration list for PBXNativeTarget "Fetch RecipesUITests" */;
			buildPhases = (
				CB7FFF0A2AFE170000BFB50E /* Sources */,
				CB7FFF0B2AFE170000BFB50E /* Frameworks */,
				CB7FFF0C2AFE170000BFB50E /* Resources */,
			);
			buildRules = (
			);
			dependencies = (
				CB7FFF102AFE170000BFB50E /* PBXTargetDependency */,
			);
			name = "Fetch RecipesUITests";
			productName = "Fetch RecipesUITests";
			productReference = CB7FFF0E2AFE170000BFB50E /* Fetch RecipesUITests.xctest */;
			productType = "com.apple.product-type.bundle.ui-testing";
		};
/* End PBXNativeTarget section */

/* Begin PBXProject section */
		CB7FFEEC2AFE16FF00BFB50E /* Project object */ = {
			isa = PBXProject;
			attributes = {
				BuildIndependentTargetsInParallel = 1;
				LastSwiftUpdateCheck = 1500;
				LastUpgradeCheck = 1500;
				TargetAttributes = {
					CB7FFEF32AFE16FF00BFB50E = {
						CreatedOnToolsVersion = 15.0;
					};
					CB7FFF032AFE170000BFB50E = {
						CreatedOnToolsVersion = 15.0;
						TestTargetID = CB7FFEF32AFE16FF00BFB50E;
					};
					CB7FFF0D2AFE170000BFB50E = {
						CreatedOnToolsVersion = 15.0;
						TestTargetID = CB7FFEF32AFE16FF00BFB50E;
					};
				};
			};
			buildConfigurationList = CB7FFEEF2AFE16FF00BFB50E /* Build configuration list for PBXProject "Fetch Recipes" */;
			compatibilityVersion = "Xcode 14.0";
			developmentRegion = en;
			hasScannedForEncodings = 0;
			knownRegions = (
				en,
				Base,
			);
			mainGroup = CB7FFEEB2AFE16FF00BFB50E;
			packageReferences = (
			);
			productRefGroup = CB7FFEF52AFE16FF00BFB50E /* Products */;
			projectDirPath = "";
			projectRoot = "";
			targets = (
				CB7FFEF32AFE16FF00BFB50E /* Fetch Recipes */,
				CB7FFF032AFE170000BFB50E /* Fetch RecipesTests */,
				CB7FFF0D2AFE170000BFB50E /* Fetch RecipesUITests */,
			);
		};
/* End PBXProject section */

/* Begin PBXResourcesBuildPhase section */
		CB7FFEF22AFE16FF00BFB50E /* Resources */ = {
			isa = PBXResourcesBuildPhase;
			buildActionMask = 2147483647;
			files = (
				CB7FFF2A2AFF143900BFB50E /* Lora-Bold.ttf in Resources */,
				CB7FFF2B2AFF143900BFB50E /* Lora-Regular.ttf in Resources */,
				CB7FFEFF2AFE170000BFB50E /* Preview Assets.xcassets in Resources */,
				CB7FFEFC2AFE170000BFB50E /* Assets.xcassets in Resources */,
			);
			runOnlyForDeploymentPostprocessing = 0;
		};
		CB7FFF022AFE170000BFB50E /* Resources */ = {
			isa = PBXResourcesBuildPhase;
			buildActionMask = 2147483647;
			files = (
			);
			runOnlyForDeploymentPostprocessing = 0;
		};
		CB7FFF0C2AFE170000BFB50E /* Resources */ = {
			isa = PBXResourcesBuildPhase;
			buildActionMask = 2147483647;
			files = (
			);
			runOnlyForDeploymentPostprocessing = 0;
		};
/* End PBXResourcesBuildPhase section */

/* Begin PBXSourcesBuildPhase section */
		CB7FFEF02AFE16FF00BFB50E /* Sources */ = {
			isa = PBXSourcesBuildPhase;
			buildActionMask = 2147483647;
			files = (
				CB28915B2B02FF380057B358 /* ListGridViews.swift in Sources */,
				CB7FFF222AFE171100BFB50E /* NetworkManager.swift in Sources */,
				CB2891472B020C230057B358 /* RecipeViewModel.swift in Sources */,
				CB2891562B028B9B0057B358 /* RecipeDetailModel.swift in Sources */,
				CB2891542B028B8E0057B358 /* RecipeDetailViewModel.swift in Sources */,
				CB7FFF262AFE17A500BFB50E /* RecipeDetailView.swift in Sources */,
				CB7FFF2E2AFF1C4B00BFB50E /* YouTubeVideoPlayerView.swift in Sources */,
				CB7FFF312AFF1DB700BFB50E /* PushInEffect.swift in Sources */,
				CB7FFF342AFF2C4D00BFB50E /* OptionButton.swift in Sources */,
				CB2891592B02FF2A0057B358 /* SearchAndSortingViews.swift in Sources */,
				CB7FFF242AFE178600BFB50E /* RecipeView.swift in Sources */,
				CB28915D2B02FF450057B358 /* TextComponents.swift in Sources */,
				CB28914A2B0213B80057B358 /* RecipeModel.swift in Sources */,
				CB2891422B0203820057B358 /* ImageLoader.swift in Sources */,
				CB7FFEF82AFE16FF00BFB50E /* Fetch_RecipesApp.swift in Sources */,
			);
			runOnlyForDeploymentPostprocessing = 0;
		};
		CB7FFF002AFE170000BFB50E /* Sources */ = {
			isa = PBXSourcesBuildPhase;
			buildActionMask = 2147483647;
			files = (
				CB7FFF092AFE170000BFB50E /* Fetch_RecipesTests.swift in Sources */,
			);
			runOnlyForDeploymentPostprocessing = 0;
		};
		CB7FFF0A2AFE170000BFB50E /* Sources */ = {
			isa = PBXSourcesBuildPhase;
			buildActionMask = 2147483647;
			files = (
				CB7FFF132AFE170000BFB50E /* Fetch_RecipesUITests.swift in Sources */,
				CB7FFF152AFE170000BFB50E /* Fetch_RecipesUITestsLaunchTests.swift in Sources */,
			);
			runOnlyForDeploymentPostprocessing = 0;
		};
/* End PBXSourcesBuildPhase section */

/* Begin PBXTargetDependency section */
		CB7FFF062AFE170000BFB50E /* PBXTargetDependency */ = {
			isa = PBXTargetDependency;
			target = CB7FFEF32AFE16FF00BFB50E /* Fetch Recipes */;
			targetProxy = CB7FFF052AFE170000BFB50E /* PBXContainerItemProxy */;
		};
		CB7FFF102AFE170000BFB50E /* PBXTargetDependency */ = {
			isa = PBXTargetDependency;
			target = CB7FFEF32AFE16FF00BFB50E /* Fetch Recipes */;
			targetProxy = CB7FFF0F2AFE170000BFB50E /* PBXContainerItemProxy */;
		};
/* End PBXTargetDependency section */

/* Begin XCBuildConfiguration section */
		CB7FFF162AFE170000BFB50E /* Debug */ = {
			isa = XCBuildConfiguration;
			buildSettings = {
				ALWAYS_SEARCH_USER_PATHS = NO;
				ASSETCATALOG_COMPILER_GENERATE_SWIFT_ASSET_SYMBOL_EXTENSIONS = YES;
				CLANG_ANALYZER_NONNULL = YES;
				CLANG_ANALYZER_NUMBER_OBJECT_CONVERSION = YES_AGGRESSIVE;
				CLANG_CXX_LANGUAGE_STANDARD = "gnu++20";
				CLANG_ENABLE_MODULES = YES;
				CLANG_ENABLE_OBJC_ARC = YES;
				CLANG_ENABLE_OBJC_WEAK = YES;
				CLANG_WARN_BLOCK_CAPTURE_AUTORELEASING = YES;
				CLANG_WARN_BOOL_CONVERSION = YES;
				CLANG_WARN_COMMA = YES;
				CLANG_WARN_CONSTANT_CONVERSION = YES;
				CLANG_WARN_DEPRECATED_OBJC_IMPLEMENTATIONS = YES;
				CLANG_WARN_DIRECT_OBJC_ISA_USAGE = YES_ERROR;
				CLANG_WARN_DOCUMENTATION_COMMENTS = YES;
				CLANG_WARN_EMPTY_BODY = YES;
				CLANG_WARN_ENUM_CONVERSION = YES;
				CLANG_WARN_INFINITE_RECURSION = YES;
				CLANG_WARN_INT_CONVERSION = YES;
				CLANG_WARN_NON_LITERAL_NULL_CONVERSION = YES;
				CLANG_WARN_OBJC_IMPLICIT_RETAIN_SELF = YES;
				CLANG_WARN_OBJC_LITERAL_CONVERSION = YES;
				CLANG_WARN_OBJC_ROOT_CLASS = YES_ERROR;
				CLANG_WARN_QUOTED_INCLUDE_IN_FRAMEWORK_HEADER = YES;
				CLANG_WARN_RANGE_LOOP_ANALYSIS = YES;
				CLANG_WARN_STRICT_PROTOTYPES = YES;
				CLANG_WARN_SUSPICIOUS_MOVE = YES;
				CLANG_WARN_UNGUARDED_AVAILABILITY = YES_AGGRESSIVE;
				CLANG_WARN_UNREACHABLE_CODE = YES;
				CLANG_WARN__DUPLICATE_METHOD_MATCH = YES;
				COPY_PHASE_STRIP = NO;
				DEBUG_INFORMATION_FORMAT = dwarf;
				ENABLE_STRICT_OBJC_MSGSEND = YES;
				ENABLE_TESTABILITY = YES;
				ENABLE_USER_SCRIPT_SANDBOXING = YES;
				GCC_C_LANGUAGE_STANDARD = gnu17;
				GCC_DYNAMIC_NO_PIC = NO;
				GCC_NO_COMMON_BLOCKS = YES;
				GCC_OPTIMIZATION_LEVEL = 0;
				GCC_PREPROCESSOR_DEFINITIONS = (
					"DEBUG=1",
					"$(inherited)",
				);
				GCC_WARN_64_TO_32_BIT_CONVERSION = YES;
				GCC_WARN_ABOUT_RETURN_TYPE = YES_ERROR;
				GCC_WARN_UNDECLARED_SELECTOR = YES;
				GCC_WARN_UNINITIALIZED_AUTOS = YES_AGGRESSIVE;
				GCC_WARN_UNUSED_FUNCTION = YES;
				GCC_WARN_UNUSED_VARIABLE = YES;
				IPHONEOS_DEPLOYMENT_TARGET = 15;
				LOCALIZATION_PREFERS_STRING_CATALOGS = YES;
				MTL_ENABLE_DEBUG_INFO = INCLUDE_SOURCE;
				MTL_FAST_MATH = YES;
				ONLY_ACTIVE_ARCH = YES;
				SDKROOT = iphoneos;
				SWIFT_ACTIVE_COMPILATION_CONDITIONS = "DEBUG $(inherited)";
				SWIFT_OPTIMIZATION_LEVEL = "-Onone";
			};
			name = Debug;
		};
		CB7FFF172AFE170000BFB50E /* Release */ = {
			isa = XCBuildConfiguration;
			buildSettings = {
				ALWAYS_SEARCH_USER_PATHS = NO;
				ASSETCATALOG_COMPILER_GENERATE_SWIFT_ASSET_SYMBOL_EXTENSIONS = YES;
				CLANG_ANALYZER_NONNULL = YES;
				CLANG_ANALYZER_NUMBER_OBJECT_CONVERSION = YES_AGGRESSIVE;
				CLANG_CXX_LANGUAGE_STANDARD = "gnu++20";
				CLANG_ENABLE_MODULES = YES;
				CLANG_ENABLE_OBJC_ARC = YES;
				CLANG_ENABLE_OBJC_WEAK = YES;
				CLANG_WARN_BLOCK_CAPTURE_AUTORELEASING = YES;
				CLANG_WARN_BOOL_CONVERSION = YES;
				CLANG_WARN_COMMA = YES;
				CLANG_WARN_CONSTANT_CONVERSION = YES;
				CLANG_WARN_DEPRECATED_OBJC_IMPLEMENTATIONS = YES;
				CLANG_WARN_DIRECT_OBJC_ISA_USAGE = YES_ERROR;
				CLANG_WARN_DOCUMENTATION_COMMENTS = YES;
				CLANG_WARN_EMPTY_BODY = YES;
				CLANG_WARN_ENUM_CONVERSION = YES;
				CLANG_WARN_INFINITE_RECURSION = YES;
				CLANG_WARN_INT_CONVERSION = YES;
				CLANG_WARN_NON_LITERAL_NULL_CONVERSION = YES;
				CLANG_WARN_OBJC_IMPLICIT_RETAIN_SELF = YES;
				CLANG_WARN_OBJC_LITERAL_CONVERSION = YES;
				CLANG_WARN_OBJC_ROOT_CLASS = YES_ERROR;
				CLANG_WARN_QUOTED_INCLUDE_IN_FRAMEWORK_HEADER = YES;
				CLANG_WARN_RANGE_LOOP_ANALYSIS = YES;
				CLANG_WARN_STRICT_PROTOTYPES = YES;
				CLANG_WARN_SUSPICIOUS_MOVE = YES;
				CLANG_WARN_UNGUARDED_AVAILABILITY = YES_AGGRESSIVE;
				CLANG_WARN_UNREACHABLE_CODE = YES;
				CLANG_WARN__DUPLICATE_METHOD_MATCH = YES;
				COPY_PHASE_STRIP = NO;
				DEBUG_INFORMATION_FORMAT = "dwarf-with-dsym";
				ENABLE_NS_ASSERTIONS = NO;
				ENABLE_STRICT_OBJC_MSGSEND = YES;
				ENABLE_USER_SCRIPT_SANDBOXING = YES;
				GCC_C_LANGUAGE_STANDARD = gnu17;
				GCC_NO_COMMON_BLOCKS = YES;
				GCC_WARN_64_TO_32_BIT_CONVERSION = YES;
				GCC_WARN_ABOUT_RETURN_TYPE = YES_ERROR;
				GCC_WARN_UNDECLARED_SELECTOR = YES;
				GCC_WARN_UNINITIALIZED_AUTOS = YES_AGGRESSIVE;
				GCC_WARN_UNUSED_FUNCTION = YES;
				GCC_WARN_UNUSED_VARIABLE = YES;
				IPHONEOS_DEPLOYMENT_TARGET = 15;
				LOCALIZATION_PREFERS_STRING_CATALOGS = YES;
				MTL_ENABLE_DEBUG_INFO = NO;
				MTL_FAST_MATH = YES;
				SDKROOT = iphoneos;
				SWIFT_COMPILATION_MODE = wholemodule;
				VALIDATE_PRODUCT = YES;
			};
			name = Release;
		};
		CB7FFF192AFE170000BFB50E /* Debug */ = {
			isa = XCBuildConfiguration;
			buildSettings = {
				ASSETCATALOG_COMPILER_APPICON_NAME = AppIcon;
				ASSETCATALOG_COMPILER_GLOBAL_ACCENT_COLOR_NAME = AccentColor;
				CODE_SIGN_STYLE = Automatic;
				CURRENT_PROJECT_VERSION = 1;
				DEVELOPMENT_ASSET_PATHS = "\"Fetch Recipes/Preview Content\"";
				DEVELOPMENT_TEAM = KH7V48K68N;
				ENABLE_PREVIEWS = YES;
				GENERATE_INFOPLIST_FILE = YES;
				INFOPLIST_FILE = "Fetch-Recipes-Info.plist";
				INFOPLIST_KEY_UIApplicationSceneManifest_Generation = YES;
				INFOPLIST_KEY_UIApplicationSupportsIndirectInputEvents = YES;
				INFOPLIST_KEY_UILaunchScreen_Generation = YES;
				INFOPLIST_KEY_UISupportedInterfaceOrientations_iPad = "UIInterfaceOrientationPortrait UIInterfaceOrientationPortraitUpsideDown UIInterfaceOrientationLandscapeLeft UIInterfaceOrientationLandscapeRight";
				INFOPLIST_KEY_UISupportedInterfaceOrientations_iPhone = "UIInterfaceOrientationPortrait UIInterfaceOrientationLandscapeLeft UIInterfaceOrientationLandscapeRight";
				INFOPLIST_KEY_UIUserInterfaceStyle = Light;
				IPHONEOS_DEPLOYMENT_TARGET = 15.0;
				LD_RUNPATH_SEARCH_PATHS = (
					"$(inherited)",
					"@executable_path/Frameworks",
				);
				MARKETING_VERSION = 1.0;
				PRODUCT_BUNDLE_IDENTIFIER = "com.fetch.Fetch-Recipes";
				PRODUCT_NAME = "$(TARGET_NAME)";
				SWIFT_EMIT_LOC_STRINGS = YES;
				SWIFT_VERSION = 5.0;
				TARGETED_DEVICE_FAMILY = "1,2";
			};
			name = Debug;
		};
		CB7FFF1A2AFE170000BFB50E /* Release */ = {
			isa = XCBuildConfiguration;
			buildSettings = {
				ASSETCATALOG_COMPILER_APPICON_NAME = AppIcon;
				ASSETCATALOG_COMPILER_GLOBAL_ACCENT_COLOR_NAME = AccentColor;
				CODE_SIGN_STYLE = Automatic;
				CURRENT_PROJECT_VERSION = 1;
				DEVELOPMENT_ASSET_PATHS = "\"Fetch Recipes/Preview Content\"";
				DEVELOPMENT_TEAM = KH7V48K68N;
				ENABLE_PREVIEWS = YES;
				GENERATE_INFOPLIST_FILE = YES;
				INFOPLIST_FILE = "Fetch-Recipes-Info.plist";
				INFOPLIST_KEY_UIApplicationSceneManifest_Generation = YES;
				INFOPLIST_KEY_UIApplicationSupportsIndirectInputEvents = YES;
				INFOPLIST_KEY_UILaunchScreen_Generation = YES;
				INFOPLIST_KEY_UISupportedInterfaceOrientations_iPad = "UIInterfaceOrientationPortrait UIInterfaceOrientationPortraitUpsideDown UIInterfaceOrientationLandscapeLeft UIInterfaceOrientationLandscapeRight";
				INFOPLIST_KEY_UISupportedInterfaceOrientations_iPhone = "UIInterfaceOrientationPortrait UIInterfaceOrientationLandscapeLeft UIInterfaceOrientationLandscapeRight";
				INFOPLIST_KEY_UIUserInterfaceStyle = Light;
				IPHONEOS_DEPLOYMENT_TARGET = 15.0;
				LD_RUNPATH_SEARCH_PATHS = (
					"$(inherited)",
					"@executable_path/Frameworks",
				);
				MARKETING_VERSION = 1.0;
				PRODUCT_BUNDLE_IDENTIFIER = "com.fetch.Fetch-Recipes";
				PRODUCT_NAME = "$(TARGET_NAME)";
				SWIFT_EMIT_LOC_STRINGS = YES;
				SWIFT_VERSION = 5.0;
				TARGETED_DEVICE_FAMILY = "1,2";
			};
			name = Release;
		};
		CB7FFF1C2AFE170000BFB50E /* Debug */ = {
			isa = XCBuildConfiguration;
			buildSettings = {
				ALWAYS_EMBED_SWIFT_STANDARD_LIBRARIES = YES;
				BUNDLE_LOADER = "$(TEST_HOST)";
				CODE_SIGN_STYLE = Automatic;
				CURRENT_PROJECT_VERSION = 1;
				DEVELOPMENT_TEAM = KH7V48K68N;
				GENERATE_INFOPLIST_FILE = YES;
				IPHONEOS_DEPLOYMENT_TARGET = 17.0;
				MARKETING_VERSION = 1.0;
				PRODUCT_BUNDLE_IDENTIFIER = "com.fetch.Fetch-RecipesTests";
				PRODUCT_NAME = "$(TARGET_NAME)";
				SWIFT_EMIT_LOC_STRINGS = NO;
				SWIFT_VERSION = 5.0;
				TARGETED_DEVICE_FAMILY = "1,2";
				TEST_HOST = "$(BUILT_PRODUCTS_DIR)/Fetch Recipes.app/$(BUNDLE_EXECUTABLE_FOLDER_PATH)/Fetch Recipes";
			};
			name = Debug;
		};
		CB7FFF1D2AFE170000BFB50E /* Release */ = {
			isa = XCBuildConfiguration;
			buildSettings = {
				ALWAYS_EMBED_SWIFT_STANDARD_LIBRARIES = YES;
				BUNDLE_LOADER = "$(TEST_HOST)";
				CODE_SIGN_STYLE = Automatic;
				CURRENT_PROJECT_VERSION = 1;
				DEVELOPMENT_TEAM = KH7V48K68N;
				GENERATE_INFOPLIST_FILE = YES;
				IPHONEOS_DEPLOYMENT_TARGET = 17.0;
				MARKETING_VERSION = 1.0;
				PRODUCT_BUNDLE_IDENTIFIER = "com.fetch.Fetch-RecipesTests";
				PRODUCT_NAME = "$(TARGET_NAME)";
				SWIFT_EMIT_LOC_STRINGS = NO;
				SWIFT_VERSION = 5.0;
				TARGETED_DEVICE_FAMILY = "1,2";
				TEST_HOST = "$(BUILT_PRODUCTS_DIR)/Fetch Recipes.app/$(BUNDLE_EXECUTABLE_FOLDER_PATH)/Fetch Recipes";
			};
			name = Release;
		};
		CB7FFF1F2AFE170000BFB50E /* Debug */ = {
			isa = XCBuildConfiguration;
			buildSettings = {
				ALWAYS_EMBED_SWIFT_STANDARD_LIBRARIES = YES;
				CODE_SIGN_STYLE = Automatic;
				CURRENT_PROJECT_VERSION = 1;
				DEVELOPMENT_TEAM = KH7V48K68N;
				GENERATE_INFOPLIST_FILE = YES;
				MARKETING_VERSION = 1.0;
				PRODUCT_BUNDLE_IDENTIFIER = "com.fetch.Fetch-RecipesUITests";
				PRODUCT_NAME = "$(TARGET_NAME)";
				SWIFT_EMIT_LOC_STRINGS = NO;
				SWIFT_VERSION = 5.0;
				TARGETED_DEVICE_FAMILY = "1,2";
				TEST_TARGET_NAME = "Fetch Recipes";
			};
			name = Debug;
		};
		CB7FFF202AFE170000BFB50E /* Release */ = {
			isa = XCBuildConfiguration;
			buildSettings = {
				ALWAYS_EMBED_SWIFT_STANDARD_LIBRARIES = YES;
				CODE_SIGN_STYLE = Automatic;
				CURRENT_PROJECT_VERSION = 1;
				DEVELOPMENT_TEAM = KH7V48K68N;
				GENERATE_INFOPLIST_FILE = YES;
				MARKETING_VERSION = 1.0;
				PRODUCT_BUNDLE_IDENTIFIER = "com.fetch.Fetch-RecipesUITests";
				PRODUCT_NAME = "$(TARGET_NAME)";
				SWIFT_EMIT_LOC_STRINGS = NO;
				SWIFT_VERSION = 5.0;
				TARGETED_DEVICE_FAMILY = "1,2";
				TEST_TARGET_NAME = "Fetch Recipes";
			};
			name = Release;
		};
/* End XCBuildConfiguration section */

/* Begin XCConfigurationList section */
		CB7FFEEF2AFE16FF00BFB50E /* Build configuration list for PBXProject "Fetch Recipes" */ = {
			isa = XCConfigurationList;
			buildConfigurations = (
				CB7FFF162AFE170000BFB50E /* Debug */,
				CB7FFF172AFE170000BFB50E /* Release */,
			);
			defaultConfigurationIsVisible = 0;
			defaultConfigurationName = Release;
		};
		CB7FFF182AFE170000BFB50E /* Build configuration list for PBXNativeTarget "Fetch Recipes" */ = {
			isa = XCConfigurationList;
			buildConfigurations = (
				CB7FFF192AFE170000BFB50E /* Debug */,
				CB7FFF1A2AFE170000BFB50E /* Release */,
			);
			defaultConfigurationIsVisible = 0;
			defaultConfigurationName = Release;
		};
		CB7FFF1B2AFE170000BFB50E /* Build configuration list for PBXNativeTarget "Fetch RecipesTests" */ = {
			isa = XCConfigurationList;
			buildConfigurations = (
				CB7FFF1C2AFE170000BFB50E /* Debug */,
				CB7FFF1D2AFE170000BFB50E /* Release */,
			);
			defaultConfigurationIsVisible = 0;
			defaultConfigurationName = Release;
		};
		CB7FFF1E2AFE170000BFB50E /* Build configuration list for PBXNativeTarget "Fetch RecipesUITests" */ = {
			isa = XCConfigurationList;
			buildConfigurations = (
				CB7FFF1F2AFE170000BFB50E /* Debug */,
				CB7FFF202AFE170000BFB50E /* Release */,
			);
			defaultConfigurationIsVisible = 0;
			defaultConfigurationName = Release;
		};
/* End XCConfigurationList section */
	};
	rootObject = CB7FFEEC2AFE16FF00BFB50E /* Project object */;
}
